// !$*UTF8*$!
{
	archiveVersion = 1;
	classes = {
	};
	objectVersion = 55;
	objects = {

/* Begin PBXBuildFile section */
		86A2010B27E60F40006E5B9D /* PillAssistantApp.swift in Sources */ = {isa = PBXBuildFile; fileRef = 86A2010A27E60F40006E5B9D /* PillAssistantApp.swift */; };
		86A2010D27E60F40006E5B9D /* ContentView.swift in Sources */ = {isa = PBXBuildFile; fileRef = 86A2010C27E60F40006E5B9D /* ContentView.swift */; };
		86A2010F27E60F42006E5B9D /* Assets.xcassets in Resources */ = {isa = PBXBuildFile; fileRef = 86A2010E27E60F42006E5B9D /* Assets.xcassets */; };
		86A2011227E60F42006E5B9D /* Preview Assets.xcassets in Resources */ = {isa = PBXBuildFile; fileRef = 86A2011127E60F42006E5B9D /* Preview Assets.xcassets */; };
		86A2011927E61006006E5B9D /* README.md in Resources */ = {isa = PBXBuildFile; fileRef = 86A2011827E61006006E5B9D /* README.md */; };
		86A2011B27E6100E006E5B9D /* LICENSE in Resources */ = {isa = PBXBuildFile; fileRef = 86A2011A27E6100E006E5B9D /* LICENSE */; };
		86A2013127E61D91006E5B9D /* CloudKit.framework in Frameworks */ = {isa = PBXBuildFile; fileRef = 86A2013027E61D91006E5B9D /* CloudKit.framework */; };
		86E0175527E6798E0055D532 /* Main.xcdatamodeld in Sources */ = {isa = PBXBuildFile; fileRef = 86E0175327E6798E0055D532 /* Main.xcdatamodeld */; };
		86E0175727E67A8B0055D532 /* DataController.swift in Sources */ = {isa = PBXBuildFile; fileRef = 86E0175627E67A8B0055D532 /* DataController.swift */; };
		86E0175927E67BC90055D532 /* Dose+CoreDataHelpers.swift in Sources */ = {isa = PBXBuildFile; fileRef = 86E0175827E67BC90055D532 /* Dose+CoreDataHelpers.swift */; };
		86E0175B27E67C450055D532 /* Medication+CoreDataHelpers.swift in Sources */ = {isa = PBXBuildFile; fileRef = 86E0175A27E67C450055D532 /* Medication+CoreDataHelpers.swift */; };
		86E0175D27E67E1F0055D532 /* HomeView.swift in Sources */ = {isa = PBXBuildFile; fileRef = 86E0175C27E67E1F0055D532 /* HomeView.swift */; };
		86E0175F27E67E350055D532 /* MedicationsView.swift in Sources */ = {isa = PBXBuildFile; fileRef = 86E0175E27E67E350055D532 /* MedicationsView.swift */; };
/* End PBXBuildFile section */

/* Begin PBXFileReference section */
		86A2010727E60F40006E5B9D /* Pill Assistant.app */ = {isa = PBXFileReference; explicitFileType = wrapper.application; includeInIndex = 0; path = "Pill Assistant.app"; sourceTree = BUILT_PRODUCTS_DIR; };
		86A2010A27E60F40006E5B9D /* PillAssistantApp.swift */ = {isa = PBXFileReference; lastKnownFileType = sourcecode.swift; path = PillAssistantApp.swift; sourceTree = "<group>"; };
		86A2010C27E60F40006E5B9D /* ContentView.swift */ = {isa = PBXFileReference; lastKnownFileType = sourcecode.swift; path = ContentView.swift; sourceTree = "<group>"; };
		86A2010E27E60F42006E5B9D /* Assets.xcassets */ = {isa = PBXFileReference; lastKnownFileType = folder.assetcatalog; path = Assets.xcassets; sourceTree = "<group>"; };
		86A2011127E60F42006E5B9D /* Preview Assets.xcassets */ = {isa = PBXFileReference; lastKnownFileType = folder.assetcatalog; path = "Preview Assets.xcassets"; sourceTree = "<group>"; };
		86A2011827E61006006E5B9D /* README.md */ = {isa = PBXFileReference; fileEncoding = 4; lastKnownFileType = net.daringfireball.markdown; path = README.md; sourceTree = "<group>"; };
		86A2011A27E6100E006E5B9D /* LICENSE */ = {isa = PBXFileReference; fileEncoding = 4; lastKnownFileType = text; path = LICENSE; sourceTree = "<group>"; };
		86A2012E27E61D8F006E5B9D /* Pill Assistant.entitlements */ = {isa = PBXFileReference; lastKnownFileType = text.plist.entitlements; path = "Pill Assistant.entitlements"; sourceTree = "<group>"; };
		86A2013027E61D91006E5B9D /* CloudKit.framework */ = {isa = PBXFileReference; lastKnownFileType = wrapper.framework; name = CloudKit.framework; path = System/Library/Frameworks/CloudKit.framework; sourceTree = SDKROOT; };
		86A2013227E61D9D006E5B9D /* Pill-Assistant-Info.plist */ = {isa = PBXFileReference; lastKnownFileType = text.plist; path = "Pill-Assistant-Info.plist"; sourceTree = SOURCE_ROOT; };
		86E0175427E6798E0055D532 /* Main.xcdatamodel */ = {isa = PBXFileReference; lastKnownFileType = wrapper.xcdatamodel; path = Main.xcdatamodel; sourceTree = "<group>"; };
		86E0175627E67A8B0055D532 /* DataController.swift */ = {isa = PBXFileReference; lastKnownFileType = sourcecode.swift; path = DataController.swift; sourceTree = "<group>"; };
		86E0175827E67BC90055D532 /* Dose+CoreDataHelpers.swift */ = {isa = PBXFileReference; lastKnownFileType = sourcecode.swift; path = "Dose+CoreDataHelpers.swift"; sourceTree = "<group>"; };
		86E0175A27E67C450055D532 /* Medication+CoreDataHelpers.swift */ = {isa = PBXFileReference; lastKnownFileType = sourcecode.swift; path = "Medication+CoreDataHelpers.swift"; sourceTree = "<group>"; };
		86E0175C27E67E1F0055D532 /* HomeView.swift */ = {isa = PBXFileReference; lastKnownFileType = sourcecode.swift; path = HomeView.swift; sourceTree = "<group>"; };
		86E0175E27E67E350055D532 /* MedicationsView.swift */ = {isa = PBXFileReference; lastKnownFileType = sourcecode.swift; path = MedicationsView.swift; sourceTree = "<group>"; };
/* End PBXFileReference section */

/* Begin PBXFrameworksBuildPhase section */
		86A2010427E60F40006E5B9D /* Frameworks */ = {
			isa = PBXFrameworksBuildPhase;
			buildActionMask = 2147483647;
			files = (
				86A2013127E61D91006E5B9D /* CloudKit.framework in Frameworks */,
			);
			runOnlyForDeploymentPostprocessing = 0;
		};
/* End PBXFrameworksBuildPhase section */

/* Begin PBXGroup section */
		86A200FE27E60F40006E5B9D = {
			isa = PBXGroup;
			children = (
				86A2011A27E6100E006E5B9D /* LICENSE */,
				86A2011827E61006006E5B9D /* README.md */,
				86A2010927E60F40006E5B9D /* Pill Assistant */,
				86A2010827E60F40006E5B9D /* Products */,
				86A2012F27E61D91006E5B9D /* Frameworks */,
			);
			sourceTree = "<group>";
		};
		86A2010827E60F40006E5B9D /* Products */ = {
			isa = PBXGroup;
			children = (
				86A2010727E60F40006E5B9D /* Pill Assistant.app */,
			);
			name = Products;
			sourceTree = "<group>";
		};
		86A2010927E60F40006E5B9D /* Pill Assistant */ = {
			isa = PBXGroup;
			children = (
				86A2013227E61D9D006E5B9D /* Pill-Assistant-Info.plist */,
				86A2012E27E61D8F006E5B9D /* Pill Assistant.entitlements */,
				86A2010A27E60F40006E5B9D /* PillAssistantApp.swift */,
				86A2010C27E60F40006E5B9D /* ContentView.swift */,
				86A2010E27E60F42006E5B9D /* Assets.xcassets */,
				86A2011027E60F42006E5B9D /* Preview Content */,
				86E0175327E6798E0055D532 /* Main.xcdatamodeld */,
				86E0175627E67A8B0055D532 /* DataController.swift */,
				86E0175827E67BC90055D532 /* Dose+CoreDataHelpers.swift */,
				86E0175A27E67C450055D532 /* Medication+CoreDataHelpers.swift */,
				86E0175C27E67E1F0055D532 /* HomeView.swift */,
				86E0175E27E67E350055D532 /* MedicationsView.swift */,
			);
			path = "Pill Assistant";
			sourceTree = "<group>";
		};
		86A2011027E60F42006E5B9D /* Preview Content */ = {
			isa = PBXGroup;
			children = (
				86A2011127E60F42006E5B9D /* Preview Assets.xcassets */,
			);
			path = "Preview Content";
			sourceTree = "<group>";
		};
		86A2012F27E61D91006E5B9D /* Frameworks */ = {
			isa = PBXGroup;
			children = (
				86A2013027E61D91006E5B9D /* CloudKit.framework */,
			);
			name = Frameworks;
			sourceTree = "<group>";
		};
/* End PBXGroup section */

/* Begin PBXNativeTarget section */
		86A2010627E60F40006E5B9D /* Pill Assistant */ = {
			isa = PBXNativeTarget;
			buildConfigurationList = 86A2011527E60F42006E5B9D /* Build configuration list for PBXNativeTarget "Pill Assistant" */;
			buildPhases = (
				86A2010327E60F40006E5B9D /* Sources */,
				86A2010427E60F40006E5B9D /* Frameworks */,
				86A2010527E60F40006E5B9D /* Resources */,
			);
			buildRules = (
			);
			dependencies = (
			);
			name = "Pill Assistant";
			productName = "Pill Assistant";
			productReference = 86A2010727E60F40006E5B9D /* Pill Assistant.app */;
			productType = "com.apple.product-type.application";
		};
/* End PBXNativeTarget section */

/* Begin PBXProject section */
		86A200FF27E60F40006E5B9D /* Project object */ = {
			isa = PBXProject;
			attributes = {
				BuildIndependentTargetsInParallel = 1;
				LastSwiftUpdateCheck = 1330;
				LastUpgradeCheck = 1330;
				TargetAttributes = {
					86A2010627E60F40006E5B9D = {
						CreatedOnToolsVersion = 13.3;
					};
				};
			};
			buildConfigurationList = 86A2010227E60F40006E5B9D /* Build configuration list for PBXProject "Pill Assistant" */;
			compatibilityVersion = "Xcode 13.0";
			developmentRegion = en;
			hasScannedForEncodings = 0;
			knownRegions = (
				en,
				Base,
			);
			mainGroup = 86A200FE27E60F40006E5B9D;
			productRefGroup = 86A2010827E60F40006E5B9D /* Products */;
			projectDirPath = "";
			projectRoot = "";
			targets = (
				86A2010627E60F40006E5B9D /* Pill Assistant */,
			);
		};
/* End PBXProject section */

/* Begin PBXResourcesBuildPhase section */
		86A2010527E60F40006E5B9D /* Resources */ = {
			isa = PBXResourcesBuildPhase;
			buildActionMask = 2147483647;
			files = (
				86A2011927E61006006E5B9D /* README.md in Resources */,
				86A2011227E60F42006E5B9D /* Preview Assets.xcassets in Resources */,
				86A2011B27E6100E006E5B9D /* LICENSE in Resources */,
				86A2010F27E60F42006E5B9D /* Assets.xcassets in Resources */,
			);
			runOnlyForDeploymentPostprocessing = 0;
		};
/* End PBXResourcesBuildPhase section */

/* Begin PBXSourcesBuildPhase section */
		86A2010327E60F40006E5B9D /* Sources */ = {
			isa = PBXSourcesBuildPhase;
			buildActionMask = 2147483647;
			files = (
				86E0175527E6798E0055D532 /* Main.xcdatamodeld in Sources */,
				86E0175D27E67E1F0055D532 /* HomeView.swift in Sources */,
				86E0175727E67A8B0055D532 /* DataController.swift in Sources */,
				86E0175F27E67E350055D532 /* MedicationsView.swift in Sources */,
				86A2010D27E60F40006E5B9D /* ContentView.swift in Sources */,
				86E0175927E67BC90055D532 /* Dose+CoreDataHelpers.swift in Sources */,
				86E0175B27E67C450055D532 /* Medication+CoreDataHelpers.swift in Sources */,
				86A2010B27E60F40006E5B9D /* PillAssistantApp.swift in Sources */,
			);
			runOnlyForDeploymentPostprocessing = 0;
		};
/* End PBXSourcesBuildPhase section */

/* Begin XCBuildConfiguration section */
		86A2011327E60F42006E5B9D /* Debug */ = {
			isa = XCBuildConfiguration;
			buildSettings = {
				ALWAYS_SEARCH_USER_PATHS = NO;
				CLANG_ANALYZER_NONNULL = YES;
				CLANG_ANALYZER_NUMBER_OBJECT_CONVERSION = YES_AGGRESSIVE;
				CLANG_CXX_LANGUAGE_STANDARD = "gnu++17";
				CLANG_ENABLE_MODULES = YES;
				CLANG_ENABLE_OBJC_ARC = YES;
				CLANG_ENABLE_OBJC_WEAK = YES;
				CLANG_WARN_BLOCK_CAPTURE_AUTORELEASING = YES;
				CLANG_WARN_BOOL_CONVERSION = YES;
				CLANG_WARN_COMMA = YES;
				CLANG_WARN_CONSTANT_CONVERSION = YES;
				CLANG_WARN_DEPRECATED_OBJC_IMPLEMENTATIONS = YES;
				CLANG_WARN_DIRECT_OBJC_ISA_USAGE = YES_ERROR;
				CLANG_WARN_DOCUMENTATION_COMMENTS = YES;
				CLANG_WARN_EMPTY_BODY = YES;
				CLANG_WARN_ENUM_CONVERSION = YES;
				CLANG_WARN_INFINITE_RECURSION = YES;
				CLANG_WARN_INT_CONVERSION = YES;
				CLANG_WARN_NON_LITERAL_NULL_CONVERSION = YES;
				CLANG_WARN_OBJC_IMPLICIT_RETAIN_SELF = YES;
				CLANG_WARN_OBJC_LITERAL_CONVERSION = YES;
				CLANG_WARN_OBJC_ROOT_CLASS = YES_ERROR;
				CLANG_WARN_QUOTED_INCLUDE_IN_FRAMEWORK_HEADER = YES;
				CLANG_WARN_RANGE_LOOP_ANALYSIS = YES;
				CLANG_WARN_STRICT_PROTOTYPES = YES;
				CLANG_WARN_SUSPICIOUS_MOVE = YES;
				CLANG_WARN_UNGUARDED_AVAILABILITY = YES_AGGRESSIVE;
				CLANG_WARN_UNREACHABLE_CODE = YES;
				CLANG_WARN__DUPLICATE_METHOD_MATCH = YES;
				COPY_PHASE_STRIP = NO;
				DEBUG_INFORMATION_FORMAT = dwarf;
				ENABLE_STRICT_OBJC_MSGSEND = YES;
				ENABLE_TESTABILITY = YES;
				GCC_C_LANGUAGE_STANDARD = gnu11;
				GCC_DYNAMIC_NO_PIC = NO;
				GCC_NO_COMMON_BLOCKS = YES;
				GCC_OPTIMIZATION_LEVEL = 0;
				GCC_PREPROCESSOR_DEFINITIONS = (
					"DEBUG=1",
					"$(inherited)",
				);
				GCC_WARN_64_TO_32_BIT_CONVERSION = YES;
				GCC_WARN_ABOUT_RETURN_TYPE = YES_ERROR;
				GCC_WARN_UNDECLARED_SELECTOR = YES;
				GCC_WARN_UNINITIALIZED_AUTOS = YES_AGGRESSIVE;
				GCC_WARN_UNUSED_FUNCTION = YES;
				GCC_WARN_UNUSED_VARIABLE = YES;
				IPHONEOS_DEPLOYMENT_TARGET = 15.4;
				MTL_ENABLE_DEBUG_INFO = INCLUDE_SOURCE;
				MTL_FAST_MATH = YES;
				ONLY_ACTIVE_ARCH = YES;
				SDKROOT = iphoneos;
				SWIFT_ACTIVE_COMPILATION_CONDITIONS = DEBUG;
				SWIFT_OPTIMIZATION_LEVEL = "-Onone";
			};
			name = Debug;
		};
		86A2011427E60F42006E5B9D /* Release */ = {
			isa = XCBuildConfiguration;
			buildSettings = {
				ALWAYS_SEARCH_USER_PATHS = NO;
				CLANG_ANALYZER_NONNULL = YES;
				CLANG_ANALYZER_NUMBER_OBJECT_CONVERSION = YES_AGGRESSIVE;
				CLANG_CXX_LANGUAGE_STANDARD = "gnu++17";
				CLANG_ENABLE_MODULES = YES;
				CLANG_ENABLE_OBJC_ARC = YES;
				CLANG_ENABLE_OBJC_WEAK = YES;
				CLANG_WARN_BLOCK_CAPTURE_AUTORELEASING = YES;
				CLANG_WARN_BOOL_CONVERSION = YES;
				CLANG_WARN_COMMA = YES;
				CLANG_WARN_CONSTANT_CONVERSION = YES;
				CLANG_WARN_DEPRECATED_OBJC_IMPLEMENTATIONS = YES;
				CLANG_WARN_DIRECT_OBJC_ISA_USAGE = YES_ERROR;
				CLANG_WARN_DOCUMENTATION_COMMENTS = YES;
				CLANG_WARN_EMPTY_BODY = YES;
				CLANG_WARN_ENUM_CONVERSION = YES;
				CLANG_WARN_INFINITE_RECURSION = YES;
				CLANG_WARN_INT_CONVERSION = YES;
				CLANG_WARN_NON_LITERAL_NULL_CONVERSION = YES;
				CLANG_WARN_OBJC_IMPLICIT_RETAIN_SELF = YES;
				CLANG_WARN_OBJC_LITERAL_CONVERSION = YES;
				CLANG_WARN_OBJC_ROOT_CLASS = YES_ERROR;
				CLANG_WARN_QUOTED_INCLUDE_IN_FRAMEWORK_HEADER = YES;
				CLANG_WARN_RANGE_LOOP_ANALYSIS = YES;
				CLANG_WARN_STRICT_PROTOTYPES = YES;
				CLANG_WARN_SUSPICIOUS_MOVE = YES;
				CLANG_WARN_UNGUARDED_AVAILABILITY = YES_AGGRESSIVE;
				CLANG_WARN_UNREACHABLE_CODE = YES;
				CLANG_WARN__DUPLICATE_METHOD_MATCH = YES;
				COPY_PHASE_STRIP = NO;
				DEBUG_INFORMATION_FORMAT = "dwarf-with-dsym";
				ENABLE_NS_ASSERTIONS = NO;
				ENABLE_STRICT_OBJC_MSGSEND = YES;
				GCC_C_LANGUAGE_STANDARD = gnu11;
				GCC_NO_COMMON_BLOCKS = YES;
				GCC_WARN_64_TO_32_BIT_CONVERSION = YES;
				GCC_WARN_ABOUT_RETURN_TYPE = YES_ERROR;
				GCC_WARN_UNDECLARED_SELECTOR = YES;
				GCC_WARN_UNINITIALIZED_AUTOS = YES_AGGRESSIVE;
				GCC_WARN_UNUSED_FUNCTION = YES;
				GCC_WARN_UNUSED_VARIABLE = YES;
				IPHONEOS_DEPLOYMENT_TARGET = 15.4;
				MTL_ENABLE_DEBUG_INFO = NO;
				MTL_FAST_MATH = YES;
				SDKROOT = iphoneos;
				SWIFT_COMPILATION_MODE = wholemodule;
				SWIFT_OPTIMIZATION_LEVEL = "-O";
				VALIDATE_PRODUCT = YES;
			};
			name = Release;
		};
		86A2011627E60F42006E5B9D /* Debug */ = {
			isa = XCBuildConfiguration;
			buildSettings = {
				ASSETCATALOG_COMPILER_APPICON_NAME = AppIcon;
				ASSETCATALOG_COMPILER_GLOBAL_ACCENT_COLOR_NAME = AccentColor;
				CODE_SIGN_ENTITLEMENTS = "Pill Assistant/Pill Assistant.entitlements";
				CODE_SIGN_STYLE = Automatic;
				CURRENT_PROJECT_VERSION = 1;
				DEVELOPMENT_ASSET_PATHS = "\"Pill Assistant/Preview Content\"";
				DEVELOPMENT_TEAM = D27X6VQP35;
				ENABLE_PREVIEWS = YES;
				GENERATE_INFOPLIST_FILE = YES;
				INFOPLIST_FILE = "Pill-Assistant-Info.plist";
				INFOPLIST_KEY_UIApplicationSceneManifest_Generation = YES;
				INFOPLIST_KEY_UIApplicationSupportsIndirectInputEvents = YES;
				INFOPLIST_KEY_UILaunchScreen_Generation = YES;
				INFOPLIST_KEY_UISupportedInterfaceOrientations_iPad = "UIInterfaceOrientationPortrait UIInterfaceOrientationPortraitUpsideDown UIInterfaceOrientationLandscapeLeft UIInterfaceOrientationLandscapeRight";
				INFOPLIST_KEY_UISupportedInterfaceOrientations_iPhone = "UIInterfaceOrientationPortrait UIInterfaceOrientationLandscapeLeft UIInterfaceOrientationLandscapeRight";
				LD_RUNPATH_SEARCH_PATHS = (
					"$(inherited)",
					"@executable_path/Frameworks",
				);
				MARKETING_VERSION = 1.0;
				PRODUCT_BUNDLE_IDENTIFIER = "co.jdocampom.Pill-Assistant";
				PRODUCT_NAME = "$(TARGET_NAME)";
				SWIFT_EMIT_LOC_STRINGS = YES;
				SWIFT_VERSION = 5.0;
				TARGETED_DEVICE_FAMILY = "1,2";
			};
			name = Debug;
		};
		86A2011727E60F42006E5B9D /* Release */ = {
			isa = XCBuildConfiguration;
			buildSettings = {
				ASSETCATALOG_COMPILER_APPICON_NAME = AppIcon;
				ASSETCATALOG_COMPILER_GLOBAL_ACCENT_COLOR_NAME = AccentColor;
				CODE_SIGN_ENTITLEMENTS = "Pill Assistant/Pill Assistant.entitlements";
				CODE_SIGN_STYLE = Automatic;
				CURRENT_PROJECT_VERSION = 1;
				DEVELOPMENT_ASSET_PATHS = "\"Pill Assistant/Preview Content\"";
				DEVELOPMENT_TEAM = D27X6VQP35;
				ENABLE_PREVIEWS = YES;
				GENERATE_INFOPLIST_FILE = YES;
				INFOPLIST_FILE = "Pill-Assistant-Info.plist";
				INFOPLIST_KEY_UIApplicationSceneManifest_Generation = YES;
				INFOPLIST_KEY_UIApplicationSupportsIndirectInputEvents = YES;
				INFOPLIST_KEY_UILaunchScreen_Generation = YES;
				INFOPLIST_KEY_UISupportedInterfaceOrientations_iPad = "UIInterfaceOrientationPortrait UIInterfaceOrientationPortraitUpsideDown UIInterfaceOrientationLandscapeLeft UIInterfaceOrientationLandscapeRight";
				INFOPLIST_KEY_UISupportedInterfaceOrientations_iPhone = "UIInterfaceOrientationPortrait UIInterfaceOrientationLandscapeLeft UIInterfaceOrientationLandscapeRight";
				LD_RUNPATH_SEARCH_PATHS = (
					"$(inherited)",
					"@executable_path/Frameworks",
				);
				MARKETING_VERSION = 1.0;
				PRODUCT_BUNDLE_IDENTIFIER = "co.jdocampom.Pill-Assistant";
				PRODUCT_NAME = "$(TARGET_NAME)";
				SWIFT_EMIT_LOC_STRINGS = YES;
				SWIFT_VERSION = 5.0;
				TARGETED_DEVICE_FAMILY = "1,2";
			};
			name = Release;
		};
/* End XCBuildConfiguration section */

/* Begin XCConfigurationList section */
		86A2010227E60F40006E5B9D /* Build configuration list for PBXProject "Pill Assistant" */ = {
			isa = XCConfigurationList;
			buildConfigurations = (
				86A2011327E60F42006E5B9D /* Debug */,
				86A2011427E60F42006E5B9D /* Release */,
			);
			defaultConfigurationIsVisible = 0;
			defaultConfigurationName = Release;
		};
		86A2011527E60F42006E5B9D /* Build configuration list for PBXNativeTarget "Pill Assistant" */ = {
			isa = XCConfigurationList;
			buildConfigurations = (
				86A2011627E60F42006E5B9D /* Debug */,
				86A2011727E60F42006E5B9D /* Release */,
			);
			defaultConfigurationIsVisible = 0;
			defaultConfigurationName = Release;
		};
/* End XCConfigurationList section */

/* Begin XCVersionGroup section */
		86E0175327E6798E0055D532 /* Main.xcdatamodeld */ = {
			isa = XCVersionGroup;
			children = (
				86E0175427E6798E0055D532 /* Main.xcdatamodel */,
			);
			currentVersion = 86E0175427E6798E0055D532 /* Main.xcdatamodel */;
			name = Main.xcdatamodeld;
			path = ../../../../../../Music/Main.xcdatamodeld;
			sourceTree = "<group>";
			versionGroupType = wrapper.xcdatamodel;
		};
/* End XCVersionGroup section */
	};
	rootObject = 86A200FF27E60F40006E5B9D /* Project object */;
}
